// !$*UTF8*$!
{
	archiveVersion = 1;
	classes = {
	};
	objectVersion = 46;
	objects = {

/* Begin PBXBuildFile section */
		66A4C53BF8314C5680B3EA14 /* libPods.a in Frameworks */ = {isa = PBXBuildFile; fileRef = 816D21E3EF194E3484F5F4F4 /* libPods.a */; };
		9E0D195A18A03F0500F7CFDC /* Foundation.framework in Frameworks */ = {isa = PBXBuildFile; fileRef = 9E0D195918A03F0500F7CFDC /* Foundation.framework */; };
		9E0D195C18A03F0500F7CFDC /* CoreGraphics.framework in Frameworks */ = {isa = PBXBuildFile; fileRef = 9E0D195B18A03F0500F7CFDC /* CoreGraphics.framework */; };
		9E0D195E18A03F0500F7CFDC /* UIKit.framework in Frameworks */ = {isa = PBXBuildFile; fileRef = 9E0D195D18A03F0500F7CFDC /* UIKit.framework */; };
		9E0D196418A03F0500F7CFDC /* InfoPlist.strings in Resources */ = {isa = PBXBuildFile; fileRef = 9E0D196218A03F0500F7CFDC /* InfoPlist.strings */; };
		9E0D196618A03F0500F7CFDC /* main.m in Sources */ = {isa = PBXBuildFile; fileRef = 9E0D196518A03F0500F7CFDC /* main.m */; };
		9E0D196A18A03F0500F7CFDC /* AppDelegate.m in Sources */ = {isa = PBXBuildFile; fileRef = 9E0D196918A03F0500F7CFDC /* AppDelegate.m */; };
		9E0D196D18A03F0500F7CFDC /* Main.storyboard in Resources */ = {isa = PBXBuildFile; fileRef = 9E0D196B18A03F0500F7CFDC /* Main.storyboard */; };
		9E0D197218A03F0500F7CFDC /* Images.xcassets in Resources */ = {isa = PBXBuildFile; fileRef = 9E0D197118A03F0500F7CFDC /* Images.xcassets */; };
		9E0D197918A03F0500F7CFDC /* XCTest.framework in Frameworks */ = {isa = PBXBuildFile; fileRef = 9E0D197818A03F0500F7CFDC /* XCTest.framework */; };
		9E0D197A18A03F0500F7CFDC /* Foundation.framework in Frameworks */ = {isa = PBXBuildFile; fileRef = 9E0D195918A03F0500F7CFDC /* Foundation.framework */; };
		9E0D197B18A03F0500F7CFDC /* UIKit.framework in Frameworks */ = {isa = PBXBuildFile; fileRef = 9E0D195D18A03F0500F7CFDC /* UIKit.framework */; };
		9E0D198318A03F0500F7CFDC /* InfoPlist.strings in Resources */ = {isa = PBXBuildFile; fileRef = 9E0D198118A03F0500F7CFDC /* InfoPlist.strings */; };
		9E0D198518A03F0500F7CFDC /* InstagramCloneTests.m in Sources */ = {isa = PBXBuildFile; fileRef = 9E0D198418A03F0500F7CFDC /* InstagramCloneTests.m */; };
		9E0D199618A0422C00F7CFDC /* CameraViewController.m in Sources */ = {isa = PBXBuildFile; fileRef = 9E0D199518A0422C00F7CFDC /* CameraViewController.m */; };
		9E0D199918A0423B00F7CFDC /* ProfileViewController.m in Sources */ = {isa = PBXBuildFile; fileRef = 9E0D199818A0423B00F7CFDC /* ProfileViewController.m */; };
		9E0D199C18A071F900F7CFDC /* Model.xcdatamodeld in Sources */ = {isa = PBXBuildFile; fileRef = 9E0D199A18A071F900F7CFDC /* Model.xcdatamodeld */; };
		9E0D19E018A1607900F7CFDC /* MasterViewController.m in Sources */ = {isa = PBXBuildFile; fileRef = 9E0D19DF18A1607900F7CFDC /* MasterViewController.m */; };
		9E0D19E318A1608D00F7CFDC /* SearchTableViewController.m in Sources */ = {isa = PBXBuildFile; fileRef = 9E0D19E218A1608D00F7CFDC /* SearchTableViewController.m */; };
/* End PBXBuildFile section */

/* Begin PBXContainerItemProxy section */
		9E0D197C18A03F0500F7CFDC /* PBXContainerItemProxy */ = {
			isa = PBXContainerItemProxy;
			containerPortal = 9E0D194E18A03F0400F7CFDC /* Project object */;
			proxyType = 1;
			remoteGlobalIDString = 9E0D195518A03F0500F7CFDC;
			remoteInfo = InstagramClone;
		};
/* End PBXContainerItemProxy section */

/* Begin PBXFileReference section */
		816D21E3EF194E3484F5F4F4 /* libPods.a */ = {isa = PBXFileReference; explicitFileType = archive.ar; includeInIndex = 0; path = libPods.a; sourceTree = BUILT_PRODUCTS_DIR; };
		9E0D195618A03F0500F7CFDC /* InstagramClone.app */ = {isa = PBXFileReference; explicitFileType = wrapper.application; includeInIndex = 0; path = InstagramClone.app; sourceTree = BUILT_PRODUCTS_DIR; };
		9E0D195918A03F0500F7CFDC /* Foundation.framework */ = {isa = PBXFileReference; lastKnownFileType = wrapper.framework; name = Foundation.framework; path = System/Library/Frameworks/Foundation.framework; sourceTree = SDKROOT; };
		9E0D195B18A03F0500F7CFDC /* CoreGraphics.framework */ = {isa = PBXFileReference; lastKnownFileType = wrapper.framework; name = CoreGraphics.framework; path = System/Library/Frameworks/CoreGraphics.framework; sourceTree = SDKROOT; };
		9E0D195D18A03F0500F7CFDC /* UIKit.framework */ = {isa = PBXFileReference; lastKnownFileType = wrapper.framework; name = UIKit.framework; path = System/Library/Frameworks/UIKit.framework; sourceTree = SDKROOT; };
		9E0D196118A03F0500F7CFDC /* InstagramClone-Info.plist */ = {isa = PBXFileReference; lastKnownFileType = text.plist.xml; path = "InstagramClone-Info.plist"; sourceTree = "<group>"; };
		9E0D196318A03F0500F7CFDC /* en */ = {isa = PBXFileReference; lastKnownFileType = text.plist.strings; name = en; path = en.lproj/InfoPlist.strings; sourceTree = "<group>"; };
		9E0D196518A03F0500F7CFDC /* main.m */ = {isa = PBXFileReference; lastKnownFileType = sourcecode.c.objc; path = main.m; sourceTree = "<group>"; };
		9E0D196718A03F0500F7CFDC /* InstagramClone-Prefix.pch */ = {isa = PBXFileReference; lastKnownFileType = sourcecode.c.h; path = "InstagramClone-Prefix.pch"; sourceTree = "<group>"; };
		9E0D196818A03F0500F7CFDC /* AppDelegate.h */ = {isa = PBXFileReference; lastKnownFileType = sourcecode.c.h; path = AppDelegate.h; sourceTree = "<group>"; };
		9E0D196918A03F0500F7CFDC /* AppDelegate.m */ = {isa = PBXFileReference; lastKnownFileType = sourcecode.c.objc; path = AppDelegate.m; sourceTree = "<group>"; };
		9E0D196C18A03F0500F7CFDC /* Base */ = {isa = PBXFileReference; lastKnownFileType = file.storyboard; name = Base; path = Base.lproj/Main.storyboard; sourceTree = "<group>"; };
		9E0D197118A03F0500F7CFDC /* Images.xcassets */ = {isa = PBXFileReference; lastKnownFileType = folder.assetcatalog; path = Images.xcassets; sourceTree = "<group>"; };
		9E0D197718A03F0500F7CFDC /* InstagramCloneTests.xctest */ = {isa = PBXFileReference; explicitFileType = wrapper.cfbundle; includeInIndex = 0; path = InstagramCloneTests.xctest; sourceTree = BUILT_PRODUCTS_DIR; };
		9E0D197818A03F0500F7CFDC /* XCTest.framework */ = {isa = PBXFileReference; lastKnownFileType = wrapper.framework; name = XCTest.framework; path = Library/Frameworks/XCTest.framework; sourceTree = DEVELOPER_DIR; };
		9E0D198018A03F0500F7CFDC /* InstagramCloneTests-Info.plist */ = {isa = PBXFileReference; lastKnownFileType = text.plist.xml; path = "InstagramCloneTests-Info.plist"; sourceTree = "<group>"; };
		9E0D198218A03F0500F7CFDC /* en */ = {isa = PBXFileReference; lastKnownFileType = text.plist.strings; name = en; path = en.lproj/InfoPlist.strings; sourceTree = "<group>"; };
		9E0D198418A03F0500F7CFDC /* InstagramCloneTests.m */ = {isa = PBXFileReference; lastKnownFileType = sourcecode.c.objc; path = InstagramCloneTests.m; sourceTree = "<group>"; };
		9E0D199418A0422C00F7CFDC /* CameraViewController.h */ = {isa = PBXFileReference; fileEncoding = 4; lastKnownFileType = sourcecode.c.h; path = CameraViewController.h; sourceTree = "<group>"; };
		9E0D199518A0422C00F7CFDC /* CameraViewController.m */ = {isa = PBXFileReference; fileEncoding = 4; lastKnownFileType = sourcecode.c.objc; path = CameraViewController.m; sourceTree = "<group>"; };
		9E0D199718A0423B00F7CFDC /* ProfileViewController.h */ = {isa = PBXFileReference; fileEncoding = 4; lastKnownFileType = sourcecode.c.h; path = ProfileViewController.h; sourceTree = "<group>"; };
		9E0D199818A0423B00F7CFDC /* ProfileViewController.m */ = {isa = PBXFileReference; fileEncoding = 4; lastKnownFileType = sourcecode.c.objc; path = ProfileViewController.m; sourceTree = "<group>"; };
		9E0D199B18A071F900F7CFDC /* Model.xcdatamodel */ = {isa = PBXFileReference; lastKnownFileType = wrapper.xcdatamodel; path = Model.xcdatamodel; sourceTree = "<group>"; };
		9E0D19DE18A1607900F7CFDC /* MasterViewController.h */ = {isa = PBXFileReference; fileEncoding = 4; lastKnownFileType = sourcecode.c.h; name = MasterViewController.h; path = ../MasterViewController.h; sourceTree = "<group>"; };
		9E0D19DF18A1607900F7CFDC /* MasterViewController.m */ = {isa = PBXFileReference; fileEncoding = 4; lastKnownFileType = sourcecode.c.objc; name = MasterViewController.m; path = ../MasterViewController.m; sourceTree = "<group>"; };
		9E0D19E118A1608D00F7CFDC /* SearchTableViewController.h */ = {isa = PBXFileReference; fileEncoding = 4; lastKnownFileType = sourcecode.c.h; name = SearchTableViewController.h; path = ../SearchTableViewController.h; sourceTree = "<group>"; };
		9E0D19E218A1608D00F7CFDC /* SearchTableViewController.m */ = {isa = PBXFileReference; fileEncoding = 4; lastKnownFileType = sourcecode.c.objc; name = SearchTableViewController.m; path = ../SearchTableViewController.m; sourceTree = "<group>"; };
		C59AEEDBE1424E62B6F36EEF /* Pods.xcconfig */ = {isa = PBXFileReference; includeInIndex = 1; lastKnownFileType = text.xcconfig; name = Pods.xcconfig; path = Pods/Pods.xcconfig; sourceTree = "<group>"; };
/* End PBXFileReference section */

/* Begin PBXFrameworksBuildPhase section */
		9E0D195318A03F0500F7CFDC /* Frameworks */ = {
			isa = PBXFrameworksBuildPhase;
			buildActionMask = 2147483647;
			files = (
				9E0D195C18A03F0500F7CFDC /* CoreGraphics.framework in Frameworks */,
				9E0D195E18A03F0500F7CFDC /* UIKit.framework in Frameworks */,
				9E0D195A18A03F0500F7CFDC /* Foundation.framework in Frameworks */,
				66A4C53BF8314C5680B3EA14 /* libPods.a in Frameworks */,
			);
			runOnlyForDeploymentPostprocessing = 0;
		};
		9E0D197418A03F0500F7CFDC /* Frameworks */ = {
			isa = PBXFrameworksBuildPhase;
			buildActionMask = 2147483647;
			files = (
				9E0D197918A03F0500F7CFDC /* XCTest.framework in Frameworks */,
				9E0D197B18A03F0500F7CFDC /* UIKit.framework in Frameworks */,
				9E0D197A18A03F0500F7CFDC /* Foundation.framework in Frameworks */,
			);
			runOnlyForDeploymentPostprocessing = 0;
		};
/* End PBXFrameworksBuildPhase section */

/* Begin PBXGroup section */
		9E0D194D18A03F0400F7CFDC = {
			isa = PBXGroup;
			children = (
				9E0D195F18A03F0500F7CFDC /* InstagramClone */,
				9E0D197E18A03F0500F7CFDC /* InstagramCloneTests */,
				9E0D195818A03F0500F7CFDC /* Frameworks */,
				9E0D195718A03F0500F7CFDC /* Products */,
				C59AEEDBE1424E62B6F36EEF /* Pods.xcconfig */,
			);
			sourceTree = "<group>";
		};
		9E0D195718A03F0500F7CFDC /* Products */ = {
			isa = PBXGroup;
			children = (
				9E0D195618A03F0500F7CFDC /* InstagramClone.app */,
				9E0D197718A03F0500F7CFDC /* InstagramCloneTests.xctest */,
			);
			name = Products;
			sourceTree = "<group>";
		};
		9E0D195818A03F0500F7CFDC /* Frameworks */ = {
			isa = PBXGroup;
			children = (
				9E0D195918A03F0500F7CFDC /* Foundation.framework */,
				9E0D195B18A03F0500F7CFDC /* CoreGraphics.framework */,
				9E0D195D18A03F0500F7CFDC /* UIKit.framework */,
				9E0D197818A03F0500F7CFDC /* XCTest.framework */,
				816D21E3EF194E3484F5F4F4 /* libPods.a */,
			);
			name = Frameworks;
			sourceTree = "<group>";
		};
		9E0D195F18A03F0500F7CFDC /* InstagramClone */ = {
			isa = PBXGroup;
			children = (
				9E0D196818A03F0500F7CFDC /* AppDelegate.h */,
				9E0D196918A03F0500F7CFDC /* AppDelegate.m */,
				9E0D196B18A03F0500F7CFDC /* Main.storyboard */,
				9E0D199A18A071F900F7CFDC /* Model.xcdatamodeld */,
				9E0D199418A0422C00F7CFDC /* CameraViewController.h */,
				9E0D199518A0422C00F7CFDC /* CameraViewController.m */,
				9E0D199718A0423B00F7CFDC /* ProfileViewController.h */,
				9E0D199818A0423B00F7CFDC /* ProfileViewController.m */,
				9E0D19DE18A1607900F7CFDC /* MasterViewController.h */,
				9E0D19DF18A1607900F7CFDC /* MasterViewController.m */,
				9E0D19E118A1608D00F7CFDC /* SearchTableViewController.h */,
				9E0D19E218A1608D00F7CFDC /* SearchTableViewController.m */,
				9E0D197118A03F0500F7CFDC /* Images.xcassets */,
				9E0D196018A03F0500F7CFDC /* Supporting Files */,
			);
			path = InstagramClone;
			sourceTree = "<group>";
		};
		9E0D196018A03F0500F7CFDC /* Supporting Files */ = {
			isa = PBXGroup;
			children = (
				9E0D196118A03F0500F7CFDC /* InstagramClone-Info.plist */,
				9E0D196218A03F0500F7CFDC /* InfoPlist.strings */,
				9E0D196518A03F0500F7CFDC /* main.m */,
				9E0D196718A03F0500F7CFDC /* InstagramClone-Prefix.pch */,
			);
			name = "Supporting Files";
			sourceTree = "<group>";
		};
		9E0D197E18A03F0500F7CFDC /* InstagramCloneTests */ = {
			isa = PBXGroup;
			children = (
				9E0D198418A03F0500F7CFDC /* InstagramCloneTests.m */,
				9E0D197F18A03F0500F7CFDC /* Supporting Files */,
			);
			path = InstagramCloneTests;
			sourceTree = "<group>";
		};
		9E0D197F18A03F0500F7CFDC /* Supporting Files */ = {
			isa = PBXGroup;
			children = (
				9E0D198018A03F0500F7CFDC /* InstagramCloneTests-Info.plist */,
				9E0D198118A03F0500F7CFDC /* InfoPlist.strings */,
			);
			name = "Supporting Files";
			sourceTree = "<group>";
		};
/* End PBXGroup section */

/* Begin PBXNativeTarget section */
		9E0D195518A03F0500F7CFDC /* InstagramClone */ = {
			isa = PBXNativeTarget;
			buildConfigurationList = 9E0D198818A03F0500F7CFDC /* Build configuration list for PBXNativeTarget "InstagramClone" */;
			buildPhases = (
				1D495A768EAE44EB91B6363E /* Check Pods Manifest.lock */,
				9E0D195218A03F0500F7CFDC /* Sources */,
				9E0D195318A03F0500F7CFDC /* Frameworks */,
				9E0D195418A03F0500F7CFDC /* Resources */,
				980979DBD0564AA5A76CD9B7 /* Copy Pods Resources */,
			);
			buildRules = (
			);
			dependencies = (
			);
			name = InstagramClone;
			productName = InstagramClone;
			productReference = 9E0D195618A03F0500F7CFDC /* InstagramClone.app */;
			productType = "com.apple.product-type.application";
		};
		9E0D197618A03F0500F7CFDC /* InstagramCloneTests */ = {
			isa = PBXNativeTarget;
			buildConfigurationList = 9E0D198B18A03F0500F7CFDC /* Build configuration list for PBXNativeTarget "InstagramCloneTests" */;
			buildPhases = (
				9E0D197318A03F0500F7CFDC /* Sources */,
				9E0D197418A03F0500F7CFDC /* Frameworks */,
				9E0D197518A03F0500F7CFDC /* Resources */,
			);
			buildRules = (
			);
			dependencies = (
				9E0D197D18A03F0500F7CFDC /* PBXTargetDependency */,
			);
			name = InstagramCloneTests;
			productName = InstagramCloneTests;
			productReference = 9E0D197718A03F0500F7CFDC /* InstagramCloneTests.xctest */;
			productType = "com.apple.product-type.bundle.unit-test";
		};
/* End PBXNativeTarget section */

/* Begin PBXProject section */
		9E0D194E18A03F0400F7CFDC /* Project object */ = {
			isa = PBXProject;
			attributes = {
				LastUpgradeCheck = 0500;
				ORGANIZATIONNAME = "Stephen Compton";
				TargetAttributes = {
					9E0D197618A03F0500F7CFDC = {
						TestTargetID = 9E0D195518A03F0500F7CFDC;
					};
				};
			};
			buildConfigurationList = 9E0D195118A03F0400F7CFDC /* Build configuration list for PBXProject "InstagramClone" */;
			compatibilityVersion = "Xcode 3.2";
			developmentRegion = English;
			hasScannedForEncodings = 0;
			knownRegions = (
				en,
				Base,
			);
			mainGroup = 9E0D194D18A03F0400F7CFDC;
			productRefGroup = 9E0D195718A03F0500F7CFDC /* Products */;
			projectDirPath = "";
			projectRoot = "";
			targets = (
				9E0D195518A03F0500F7CFDC /* InstagramClone */,
				9E0D197618A03F0500F7CFDC /* InstagramCloneTests */,
			);
		};
/* End PBXProject section */

/* Begin PBXResourcesBuildPhase section */
		9E0D195418A03F0500F7CFDC /* Resources */ = {
			isa = PBXResourcesBuildPhase;
			buildActionMask = 2147483647;
			files = (
				9E0D197218A03F0500F7CFDC /* Images.xcassets in Resources */,
				9E0D196418A03F0500F7CFDC /* InfoPlist.strings in Resources */,
				9E0D196D18A03F0500F7CFDC /* Main.storyboard in Resources */,
			);
			runOnlyForDeploymentPostprocessing = 0;
		};
		9E0D197518A03F0500F7CFDC /* Resources */ = {
			isa = PBXResourcesBuildPhase;
			buildActionMask = 2147483647;
			files = (
				9E0D198318A03F0500F7CFDC /* InfoPlist.strings in Resources */,
			);
			runOnlyForDeploymentPostprocessing = 0;
		};
/* End PBXResourcesBuildPhase section */

/* Begin PBXShellScriptBuildPhase section */
		1D495A768EAE44EB91B6363E /* Check Pods Manifest.lock */ = {
			isa = PBXShellScriptBuildPhase;
			buildActionMask = 2147483647;
			files = (
			);
			inputPaths = (
			);
			name = "Check Pods Manifest.lock";
			outputPaths = (
			);
			runOnlyForDeploymentPostprocessing = 0;
			shellPath = /bin/sh;
			shellScript = "diff \"${PODS_ROOT}/../Podfile.lock\" \"${PODS_ROOT}/Manifest.lock\" > /dev/null\nif [[ $? != 0 ]] ; then\n    cat << EOM\nerror: The sandbox is not in sync with the Podfile.lock. Run 'pod install' or update your CocoaPods installation.\nEOM\n    exit 1\nfi\n";
			showEnvVarsInLog = 0;
		};
		980979DBD0564AA5A76CD9B7 /* Copy Pods Resources */ = {
			isa = PBXShellScriptBuildPhase;
			buildActionMask = 2147483647;
			files = (
			);
			inputPaths = (
			);
			name = "Copy Pods Resources";
			outputPaths = (
			);
			runOnlyForDeploymentPostprocessing = 0;
			shellPath = /bin/sh;
			shellScript = "\"${SRCROOT}/Pods/Pods-resources.sh\"\n";
			showEnvVarsInLog = 0;
		};
/* End PBXShellScriptBuildPhase section */

/* Begin PBXSourcesBuildPhase section */
		9E0D195218A03F0500F7CFDC /* Sources */ = {
			isa = PBXSourcesBuildPhase;
			buildActionMask = 2147483647;
			files = (
				9E0D196A18A03F0500F7CFDC /* AppDelegate.m in Sources */,
				9E0D199C18A071F900F7CFDC /* Model.xcdatamodeld in Sources */,
				9E0D19E318A1608D00F7CFDC /* SearchTableViewController.m in Sources */,
				9E0D19E018A1607900F7CFDC /* MasterViewController.m in Sources */,
				9E0D199618A0422C00F7CFDC /* CameraViewController.m in Sources */,
				9E0D199918A0423B00F7CFDC /* ProfileViewController.m in Sources */,
				9E0D196618A03F0500F7CFDC /* main.m in Sources */,
			);
			runOnlyForDeploymentPostprocessing = 0;
		};
		9E0D197318A03F0500F7CFDC /* Sources */ = {
			isa = PBXSourcesBuildPhase;
			buildActionMask = 2147483647;
			files = (
				9E0D198518A03F0500F7CFDC /* InstagramCloneTests.m in Sources */,
			);
			runOnlyForDeploymentPostprocessing = 0;
		};
/* End PBXSourcesBuildPhase section */

/* Begin PBXTargetDependency section */
		9E0D197D18A03F0500F7CFDC /* PBXTargetDependency */ = {
			isa = PBXTargetDependency;
			target = 9E0D195518A03F0500F7CFDC /* InstagramClone */;
			targetProxy = 9E0D197C18A03F0500F7CFDC /* PBXContainerItemProxy */;
		};
/* End PBXTargetDependency section */

/* Begin PBXVariantGroup section */
		9E0D196218A03F0500F7CFDC /* InfoPlist.strings */ = {
			isa = PBXVariantGroup;
			children = (
				9E0D196318A03F0500F7CFDC /* en */,
			);
			name = InfoPlist.strings;
			sourceTree = "<group>";
		};
		9E0D196B18A03F0500F7CFDC /* Main.storyboard */ = {
			isa = PBXVariantGroup;
			children = (
				9E0D196C18A03F0500F7CFDC /* Base */,
			);
			name = Main.storyboard;
			sourceTree = "<group>";
		};
		9E0D198118A03F0500F7CFDC /* InfoPlist.strings */ = {
			isa = PBXVariantGroup;
			children = (
				9E0D198218A03F0500F7CFDC /* en */,
			);
			name = InfoPlist.strings;
			sourceTree = "<group>";
		};
/* End PBXVariantGroup section */

/* Begin XCBuildConfiguration section */
		9E0D198618A03F0500F7CFDC /* Debug */ = {
			isa = XCBuildConfiguration;
			buildSettings = {
				ALWAYS_SEARCH_USER_PATHS = NO;
				ARCHS = "$(ARCHS_STANDARD_INCLUDING_64_BIT)";
				CLANG_CXX_LANGUAGE_STANDARD = "gnu++0x";
				CLANG_CXX_LIBRARY = "libc++";
				CLANG_ENABLE_MODULES = YES;
				CLANG_ENABLE_OBJC_ARC = YES;
				CLANG_WARN_BOOL_CONVERSION = YES;
				CLANG_WARN_CONSTANT_CONVERSION = YES;
				CLANG_WARN_DIRECT_OBJC_ISA_USAGE = YES_ERROR;
				CLANG_WARN_EMPTY_BODY = YES;
				CLANG_WARN_ENUM_CONVERSION = YES;
				CLANG_WARN_INT_CONVERSION = YES;
				CLANG_WARN_OBJC_ROOT_CLASS = YES_ERROR;
				CLANG_WARN__DUPLICATE_METHOD_MATCH = YES;
				"CODE_SIGN_IDENTITY[sdk=iphoneos*]" = "iPhone Developer";
				COPY_PHASE_STRIP = NO;
				GCC_C_LANGUAGE_STANDARD = gnu99;
				GCC_DYNAMIC_NO_PIC = NO;
				GCC_OPTIMIZATION_LEVEL = 0;
				GCC_PREPROCESSOR_DEFINITIONS = (
					"DEBUG=1",
					"$(inherited)",
				);
				GCC_SYMBOLS_PRIVATE_EXTERN = NO;
				GCC_WARN_64_TO_32_BIT_CONVERSION = YES;
				GCC_WARN_ABOUT_RETURN_TYPE = YES_ERROR;
				GCC_WARN_UNDECLARED_SELECTOR = YES;
				GCC_WARN_UNINITIALIZED_AUTOS = YES;
				GCC_WARN_UNUSED_FUNCTION = YES;
				GCC_WARN_UNUSED_VARIABLE = YES;
				IPHONEOS_DEPLOYMENT_TARGET = 7.0;
				ONLY_ACTIVE_ARCH = YES;
				SDKROOT = iphoneos;
			};
			name = Debug;
		};
		9E0D198718A03F0500F7CFDC /* Release */ = {
			isa = XCBuildConfiguration;
			buildSettings = {
				ALWAYS_SEARCH_USER_PATHS = NO;
				ARCHS = "$(ARCHS_STANDARD_INCLUDING_64_BIT)";
				CLANG_CXX_LANGUAGE_STANDARD = "gnu++0x";
				CLANG_CXX_LIBRARY = "libc++";
				CLANG_ENABLE_MODULES = YES;
				CLANG_ENABLE_OBJC_ARC = YES;
				CLANG_WARN_BOOL_CONVERSION = YES;
				CLANG_WARN_CONSTANT_CONVERSION = YES;
				CLANG_WARN_DIRECT_OBJC_ISA_USAGE = YES_ERROR;
				CLANG_WARN_EMPTY_BODY = YES;
				CLANG_WARN_ENUM_CONVERSION = YES;
				CLANG_WARN_INT_CONVERSION = YES;
				CLANG_WARN_OBJC_ROOT_CLASS = YES_ERROR;
				CLANG_WARN__DUPLICATE_METHOD_MATCH = YES;
				"CODE_SIGN_IDENTITY[sdk=iphoneos*]" = "iPhone Developer";
				COPY_PHASE_STRIP = YES;
				ENABLE_NS_ASSERTIONS = NO;
				GCC_C_LANGUAGE_STANDARD = gnu99;
				GCC_WARN_64_TO_32_BIT_CONVERSION = YES;
				GCC_WARN_ABOUT_RETURN_TYPE = YES_ERROR;
				GCC_WARN_UNDECLARED_SELECTOR = YES;
				GCC_WARN_UNINITIALIZED_AUTOS = YES;
				GCC_WARN_UNUSED_FUNCTION = YES;
				GCC_WARN_UNUSED_VARIABLE = YES;
				IPHONEOS_DEPLOYMENT_TARGET = 7.0;
				SDKROOT = iphoneos;
				VALIDATE_PRODUCT = YES;
			};
			name = Release;
		};
		9E0D198918A03F0500F7CFDC /* Debug */ = {
			isa = XCBuildConfiguration;
			baseConfigurationReference = C59AEEDBE1424E62B6F36EEF /* Pods.xcconfig */;
			buildSettings = {
				ASSETCATALOG_COMPILER_APPICON_NAME = AppIcon;
				ASSETCATALOG_COMPILER_LAUNCHIMAGE_NAME = LaunchImage;
				GCC_PRECOMPILE_PREFIX_HEADER = YES;
				GCC_PREFIX_HEADER = "InstagramClone/InstagramClone-Prefix.pch";
				INFOPLIST_FILE = "InstagramClone/InstagramClone-Info.plist";
				PRODUCT_NAME = "$(TARGET_NAME)";
				WRAPPER_EXTENSION = app;
			};
			name = Debug;
		};
		9E0D198A18A03F0500F7CFDC /* Release */ = {
			isa = XCBuildConfiguration;
			baseConfigurationReference = C59AEEDBE1424E62B6F36EEF /* Pods.xcconfig */;
			buildSettings = {
				ASSETCATALOG_COMPILER_APPICON_NAME = AppIcon;
				ASSETCATALOG_COMPILER_LAUNCHIMAGE_NAME = LaunchImage;
				GCC_PRECOMPILE_PREFIX_HEADER = YES;
				GCC_PREFIX_HEADER = "InstagramClone/InstagramClone-Prefix.pch";
				INFOPLIST_FILE = "InstagramClone/InstagramClone-Info.plist";
				PRODUCT_NAME = "$(TARGET_NAME)";
				WRAPPER_EXTENSION = app;
			};
			name = Release;
		};
		9E0D198C18A03F0500F7CFDC /* Debug */ = {
			isa = XCBuildConfiguration;
			buildSettings = {
				ARCHS = "$(ARCHS_STANDARD_INCLUDING_64_BIT)";
				BUNDLE_LOADER = "$(BUILT_PRODUCTS_DIR)/InstagramClone.app/InstagramClone";
				FRAMEWORK_SEARCH_PATHS = (
					"$(SDKROOT)/Developer/Library/Frameworks",
					"$(inherited)",
					"$(DEVELOPER_FRAMEWORKS_DIR)",
				);
				GCC_PRECOMPILE_PREFIX_HEADER = YES;
				GCC_PREFIX_HEADER = "InstagramClone/InstagramClone-Prefix.pch";
				GCC_PREPROCESSOR_DEFINITIONS = (
					"DEBUG=1",
					"$(inherited)",
				);
				INFOPLIST_FILE = "InstagramCloneTests/InstagramCloneTests-Info.plist";
				PRODUCT_NAME = "$(TARGET_NAME)";
				TEST_HOST = "$(BUNDLE_LOADER)";
				WRAPPER_EXTENSION = xctest;
			};
			name = Debug;
		};
		9E0D198D18A03F0500F7CFDC /* Release */ = {
			isa = XCBuildConfiguration;
			buildSettings = {
				ARCHS = "$(ARCHS_STANDARD_INCLUDING_64_BIT)";
				BUNDLE_LOADER = "$(BUILT_PRODUCTS_DIR)/InstagramClone.app/InstagramClone";
				FRAMEWORK_SEARCH_PATHS = (
					"$(SDKROOT)/Developer/Library/Frameworks",
					"$(inherited)",
					"$(DEVELOPER_FRAMEWORKS_DIR)",
				);
				GCC_PRECOMPILE_PREFIX_HEADER = YES;
				GCC_PREFIX_HEADER = "InstagramClone/InstagramClone-Prefix.pch";
				INFOPLIST_FILE = "InstagramCloneTests/InstagramCloneTests-Info.plist";
				PRODUCT_NAME = "$(TARGET_NAME)";
				TEST_HOST = "$(BUNDLE_LOADER)";
				WRAPPER_EXTENSION = xctest;
			};
			name = Release;
		};
/* End XCBuildConfiguration section */

/* Begin XCConfigurationList section */
		9E0D195118A03F0400F7CFDC /* Build configuration list for PBXProject "InstagramClone" */ = {
			isa = XCConfigurationList;
			buildConfigurations = (
				9E0D198618A03F0500F7CFDC /* Debug */,
				9E0D198718A03F0500F7CFDC /* Release */,
			);
			defaultConfigurationIsVisible = 0;
			defaultConfigurationName = Release;
		};
		9E0D198818A03F0500F7CFDC /* Build configuration list for PBXNativeTarget "InstagramClone" */ = {
			isa = XCConfigurationList;
			buildConfigurations = (
				9E0D198918A03F0500F7CFDC /* Debug */,
				9E0D198A18A03F0500F7CFDC /* Release */,
			);
			defaultConfigurationIsVisible = 0;
			defaultConfigurationName = Release;
		};
		9E0D198B18A03F0500F7CFDC /* Build configuration list for PBXNativeTarget "InstagramCloneTests" */ = {
			isa = XCConfigurationList;
			buildConfigurations = (
				9E0D198C18A03F0500F7CFDC /* Debug */,
				9E0D198D18A03F0500F7CFDC /* Release */,
			);
			defaultConfigurationIsVisible = 0;
			defaultConfigurationName = Release;
		};
/* End XCConfigurationList section */

/* Begin XCVersionGroup section */
		9E0D199A18A071F900F7CFDC /* Model.xcdatamodeld */ = {
			isa = XCVersionGroup;
			children = (
				9E0D199B18A071F900F7CFDC /* Model.xcdatamodel */,
			);
			currentVersion = 9E0D199B18A071F900F7CFDC /* Model.xcdatamodel */;
			path = Model.xcdatamodeld;
			sourceTree = "<group>";
			versionGroupType = wrapper.xcdatamodel;
		};
/* End XCVersionGroup section */
	};
	rootObject = 9E0D194E18A03F0400F7CFDC /* Project object */;
}
